<?xml version="1.0" encoding="utf-8"?>
<Project ToolsVersion="4.0" xmlns="http://schemas.microsoft.com/developer/msbuild/2003">
  <ItemGroup>
    <Filter Include="Source Files">
      <UniqueIdentifier>{4FC737F1-C7A5-4376-A066-2A32D752A2FF}</UniqueIdentifier>
      <Extensions>cpp;c;cc;cxx;c++;def;odl;idl;hpj;bat;asm;asmx</Extensions>
    </Filter>
    <Filter Include="Header Files">
      <UniqueIdentifier>{93995380-89BD-4b04-88EB-625FBE52EBFB}</UniqueIdentifier>
      <Extensions>h;hh;hpp;hxx;h++;hm;inl;inc;ipp;xsd</Extensions>
    </Filter>
    <Filter Include="Resource Files">
      <UniqueIdentifier>{67DA6AB6-F800-4c08-8B7A-83BB121AAD01}</UniqueIdentifier>
      <Extensions>rc;ico;cur;bmp;dlg;rc2;rct;bin;rgs;gif;jpg;jpeg;jpe;resx;tiff;tif;png;wav;mfcribbon-ms</Extensions>
    </Filter>
  </ItemGroup>
  <ItemGroup>
    <ClInclude Include="..\..\..\..\Desktop\SNAKE game\Snake-Game-master\snack.h">
      <Filter>Header Files</Filter>
    </ClInclude>
    <ClInclude Include="..\..\..\..\Desktop\SNAKE game\Snake-Game-master\snake.h">
      <Filter>Header Files</Filter>
    </ClInclude>
    <ClInclude Include="startmenu.h">
      <Filter>Header Files</Filter>
    </ClInclude>
    <ClInclude Include="..\..\..\..\Desktop\SNAKE game\Snake-Game-master\singleplayer.h">
      <Filter>Header Files</Filter>
    </ClInclude>
    <ClInclude Include="multiplayer.h">
      <Filter>Header Files</Filter>
    </ClInclude>
    <ClInclude Include="..\..\..\..\Desktop\SNAKE game\Snake-Game-master\snakegame.h">
      <Filter>Header Files</Filter>
    </ClInclude>
    <ClInclude Include="connect4game.h">
      <Filter>Header Files</Filter>
    </ClInclude>
    <ClInclude Include="tictactoegame.h">
      <Filter>Header Files</Filter>
    </ClInclude>
    <ClInclude Include="brickgame.h">
      <Filter>Header Files</Filter>
    </ClInclude>
  </ItemGroup>
  <ItemGroup>
    <ClCompile Include="..\..\..\..\Desktop\SNAKE game\Snake-Game-master\main.cpp">
      <Filter>Source Files</Filter>
    </ClCompile>
    <ClCompile Include="..\..\..\..\Desktop\SNAKE game\Snake-Game-master\snack.cpp">
      <Filter>Source Files</Filter>
    </ClCompile>
    <ClCompile Include="..\..\..\..\Desktop\SNAKE game\Snake-Game-master\snake.cpp">
      <Filter>Source Files</Filter>
    </ClCompile>
    <ClCompile Include="startmenu.cpp">
      <Filter>Source Files</Filter>
    </ClCompile>
    <ClCompile Include="..\..\..\..\Desktop\SNAKE game\Snake-Game-master\singleplayer.cpp">
      <Filter>Source Files</Filter>
    </ClCompile>
    <ClCompile Include="multiplayer.cpp">
      <Filter>Source Files</Filter>
    </ClCompile>
    <ClCompile Include="..\..\..\..\Desktop\SNAKE game\Snake-Game-master\snakegame.cpp">
      <Filter>Source Files</Filter>
    </ClCompile>
    <ClCompile Include="connect4game.cpp">
      <Filter>Source Files</Filter>
    </ClCompile>
    <ClCompile Include="tictactoegame.cpp">
      <Filter>Source Files</Filter>
    </ClCompile>
    <ClCompile Include="brickgame.cpp">
      <Filter>Source Files</Filter>
    </ClCompile>
  </ItemGroup>
</Project>